{
    "_readme": [
        "This file locks the dependencies of your project to a known state",
        "Read more about it at https://getcomposer.org/doc/01-basic-usage.md#composer-lock-the-lock-file",
        "This file is @generated automatically"
    ],
    "content-hash": "9725c23ec3e32521103d7f06a84db2ee",
    "packages": [
        {
            "name": "elpho/di",
            "version": "0.1.0-rc1",
            "source": {
                "type": "git",
                "url": "https://github.com/elpho/di.git",
                "reference": "41c908a480d24aa774ff2828138c5a98a0c4341c"
            },
            "dist": {
                "type": "zip",
                "url": "https://api.github.com/repos/elpho/di/zipball/41c908a480d24aa774ff2828138c5a98a0c4341c",
                "reference": "41c908a480d24aa774ff2828138c5a98a0c4341c",
                "shasum": ""
            },
            "require": {
                "elpho/lang": "0.1.*"
            },
            "type": "library",
            "autoload": {
                "psr-4": {
                    "elpho\\di\\": "src/"
                }
            },
            "notification-url": "https://packagist.org/downloads/",
            "license": [
                "ISC"
            ],
            "description": "Dependency injection engine for the elpho framework",
            "time": "2016-11-07T19:48:03+00:00"
        },
        {
            "name": "elpho/elpho",
            "version": "0.1.0-rc1",
            "source": {
                "type": "git",
                "url": "https://github.com/elpho/elpho.git",
                "reference": "cc11946ad2f2f3786f3592ea2afe8c074b6ddc01"
            },
            "dist": {
                "type": "zip",
                "url": "https://api.github.com/repos/elpho/elpho/zipball/cc11946ad2f2f3786f3592ea2afe8c074b6ddc01",
                "reference": "cc11946ad2f2f3786f3592ea2afe8c074b6ddc01",
                "shasum": ""
            },
            "require": {
                "elpho/lang": "0.1.*"
            },
            "type": "library",
            "autoload": {
                "psr-4": {
                    "elpho\\system\\": "src/system/"
                },
                "files": [
                    "startup.php"
                ]
            },
            "notification-url": "https://packagist.org/downloads/",
            "license": [
                "ISC"
            ],
            "description": "The elpho framework core",
            "time": "2016-11-07T19:48:51+00:00"
        },
        {
            "name": "elpho/event",
            "version": "0.1.0-rc1",
            "source": {
                "type": "git",
                "url": "https://github.com/elpho/event.git",
                "reference": "67f75af08408d82f3bd3d7f49906a07dd73f795a"
            },
            "dist": {
                "type": "zip",
                "url": "https://api.github.com/repos/elpho/event/zipball/67f75af08408d82f3bd3d7f49906a07dd73f795a",
                "reference": "67f75af08408d82f3bd3d7f49906a07dd73f795a",
                "shasum": ""
            },
            "type": "library",
            "autoload": {
                "psr-4": {
                    "elpho\\event\\": "src/"
                }
            },
            "notification-url": "https://packagist.org/downloads/",
            "license": [
                "ISC"
            ],
            "description": "Event system for the elpho framework",
            "time": "2016-10-10T13:09:03+00:00"
        },
        {
            "name": "elpho/lang",
            "version": "0.1.0-rc1",
            "source": {
                "type": "git",
                "url": "https://github.com/elpho/lang.git",
                "reference": "601727def397223b417196e2c7b0cf2f895ac11c"
            },
            "dist": {
                "type": "zip",
                "url": "https://api.github.com/repos/elpho/lang/zipball/601727def397223b417196e2c7b0cf2f895ac11c",
                "reference": "601727def397223b417196e2c7b0cf2f895ac11c",
                "shasum": ""
            },
            "require": {
                "elpho/event": "0.1.*"
            },
            "type": "library",
            "autoload": {
                "psr-4": {
                    "elpho\\lang\\": "src/"
                }
            },
            "notification-url": "https://packagist.org/downloads/",
            "license": [
                "ISC"
            ],
            "description": "Language extensions for the elpho framework",
            "time": "2016-11-07T20:38:34+00:00"
        },
        {
            "name": "elpho/mvc",
            "version": "0.1.0-rc1",
            "source": {
                "type": "git",
                "url": "https://github.com/elpho/mvc.git",
                "reference": "2111d139967bafe12203e2f9323a0f92bfafd87c"
            },
            "dist": {
                "type": "zip",
                "url": "https://api.github.com/repos/elpho/mvc/zipball/2111d139967bafe12203e2f9323a0f92bfafd87c",
                "reference": "2111d139967bafe12203e2f9323a0f92bfafd87c",
                "shasum": ""
            },
            "require": {
                "elpho/di": "0.1.*",
                "elpho/lang": "0.1.*"
            },
            "type": "library",
            "autoload": {
                "psr-4": {
                    "elpho\\mvc\\": "src/"
                }
            },
            "notification-url": "https://packagist.org/downloads/",
            "license": [
                "ISC"
            ],
            "description": "MVC module for the elpho framework",
            "time": "2016-11-07T19:54:05+00:00"
        }
    ],
    "packages-dev": [],
    "aliases": [],
    "minimum-stability": "dev",
    "stability-flags": [],
    "prefer-stable": false,
    "prefer-lowest": false,
    "platform": [],
    "platform-dev": []
}
