{
    "_readme": [
        "This file locks the dependencies of your project to a known state",
        "Read more about it at https://getcomposer.org/doc/01-basic-usage.md#composer-lock-the-lock-file",
        "This file is @generated automatically"
    ],
    "hash": "0e592c4d0e0bd5a6a2c6f88da95f3dd5",
    "content-hash": "9725c23ec3e32521103d7f06a84db2ee",
    "packages": [
        {
            "name": "elpho/di",
            "version": "0.1.0-rc1",
            "source": {
                "type": "git",
                "url": "https://github.com/elpho/di.git",
                "reference": "9d82f388ee6389f3dc98dd13b280598d51c48ef4"
            },
            "dist": {
                "type": "zip",
                "url": "https://api.github.com/repos/elpho/di/zipball/9d82f388ee6389f3dc98dd13b280598d51c48ef4",
                "reference": "9d82f388ee6389f3dc98dd13b280598d51c48ef4",
                "shasum": ""
            },
            "require": {
                "elpho/lang": "0.1.*"
            },
            "type": "library",
            "autoload": {
                "psr-4": {
                    "elpho\\di\\": "src/"
                }
            },
            "notification-url": "https://packagist.org/downloads/",
            "license": [
                "ISC"
            ],
            "description": "Dependency injection engine for the elpho framework",
            "time": "2016-11-07 19:48:03"
        },
        {
            "name": "elpho/elpho",
            "version": "0.1.0-rc1",
            "source": {
                "type": "git",
                "url": "https://github.com/elpho/elpho.git",
                "reference": "cc7449b6951d6eb412a791c0106db2ca02acabf5"
            },
            "dist": {
                "type": "zip",
                "url": "https://api.github.com/repos/elpho/elpho/zipball/cc7449b6951d6eb412a791c0106db2ca02acabf5",
                "reference": "cc7449b6951d6eb412a791c0106db2ca02acabf5",
                "shasum": ""
            },
            "require": {
                "elpho/lang": "0.1.*"
            },
            "type": "library",
            "autoload": {
                "psr-4": {
                    "elpho\\system\\": "src/system/"
                },
                "files": [
                    "startup.php"
                ]
            },
            "notification-url": "https://packagist.org/downloads/",
            "license": [
                "ISC"
            ],
            "description": "The elpho framework core",
            "time": "2016-11-07 19:48:51"
        },
        {
            "name": "elpho/event",
            "version": "0.1.0-rc1",
            "source": {
                "type": "git",
                "url": "https://github.com/elpho/event.git",
                "reference": "67f75af08408d82f3bd3d7f49906a07dd73f795a"
            },
            "dist": {
                "type": "zip",
                "url": "https://api.github.com/repos/elpho/event/zipball/67f75af08408d82f3bd3d7f49906a07dd73f795a",
                "reference": "67f75af08408d82f3bd3d7f49906a07dd73f795a",
                "shasum": ""
            },
            "type": "library",
            "autoload": {
                "psr-4": {
                    "elpho\\event\\": "src/"
                }
            },
            "notification-url": "https://packagist.org/downloads/",
            "license": [
                "ISC"
            ],
            "description": "Event system for the elpho framework",
            "time": "2016-10-10 13:09:03"
        },
        {
            "name": "elpho/lang",
            "version": "0.1.0-rc1",
            "source": {
                "type": "git",
                "url": "https://github.com/elpho/lang.git",
                "reference": "601727def397223b417196e2c7b0cf2f895ac11c"
            },
            "dist": {
                "type": "zip",
                "url": "https://api.github.com/repos/elpho/lang/zipball/601727def397223b417196e2c7b0cf2f895ac11c",
                "reference": "601727def397223b417196e2c7b0cf2f895ac11c",
                "shasum": ""
            },
            "require": {
                "elpho/event": "0.1.*"
            },
            "type": "library",
            "autoload": {
                "psr-4": {
                    "elpho\\lang\\": "src/"
                }
            },
            "notification-url": "https://packagist.org/downloads/",
            "license": [
                "ISC"
            ],
            "description": "Language extensions for the elpho framework",
            "time": "2016-11-07 20:38:34"
        },
        {
            "name": "elpho/mvc",
            "version": "0.1.0-rc1",
            "source": {
                "type": "git",
                "url": "https://github.com/elpho/mvc.git",
                "reference": "62a70c781d02c317248132b3b96649917e8cf93c"
            },
            "dist": {
                "type": "zip",
                "url": "https://api.github.com/repos/elpho/mvc/zipball/62a70c781d02c317248132b3b96649917e8cf93c",
                "reference": "62a70c781d02c317248132b3b96649917e8cf93c",
                "shasum": ""
            },
            "require": {
                "elpho/di": "0.1.*",
                "elpho/lang": "0.1.*"
            },
            "type": "library",
            "autoload": {
                "psr-4": {
                    "elpho\\mvc\\": "src/"
                }
            },
            "notification-url": "https://packagist.org/downloads/",
            "license": [
                "ISC"
            ],
            "description": "MVC module for the elpho framework",
            "time": "2016-11-07 19:54:05"
        }
    ],
    "packages-dev": [],
    "aliases": [],
    "minimum-stability": "dev",
    "stability-flags": [],
    "prefer-stable": false,
    "prefer-lowest": false,
    "platform": [],
    "platform-dev": []
}
