{
    "_readme": [
        "This file locks the dependencies of your project to a known state",
        "Read more about it at https://getcomposer.org/doc/01-basic-usage.md#composer-lock-the-lock-file",
        "This file is @generated automatically"
    ],
    "hash": "0e592c4d0e0bd5a6a2c6f88da95f3dd5",
    "content-hash": "9725c23ec3e32521103d7f06a84db2ee",
    "packages": [
        {
            "name": "elpho/di",
            "version": "0.1.0-alpha2",
            "source": {
                "type": "git",
                "url": "https://github.com/elpho/di.git",
                "reference": "8d343eb79a451964237b623941b33619bd579eda"
            },
            "dist": {
                "type": "zip",
                "url": "https://api.github.com/repos/elpho/di/zipball/8d343eb79a451964237b623941b33619bd579eda",
                "reference": "8d343eb79a451964237b623941b33619bd579eda",
                "shasum": ""
            },
            "require": {
                "elpho/lang": "0.1.*"
            },
            "type": "library",
            "autoload": {
                "psr-4": {
                    "elpho\\di\\": "src/"
                }
            },
            "notification-url": "https://packagist.org/downloads/",
            "license": [
                "ISC"
            ],
            "description": "Dependency injection engine for the elpho framework",
            "time": "2016-10-10 13:34:36"
        },
        {
            "name": "elpho/elpho",
            "version": "0.1.0-alpha3",
            "source": {
                "type": "git",
                "url": "https://github.com/elpho/elpho.git",
                "reference": "4c64b586f94f9a8f01c691abdc865352e3dc3418"
            },
            "dist": {
                "type": "zip",
                "url": "https://api.github.com/repos/elpho/elpho/zipball/4c64b586f94f9a8f01c691abdc865352e3dc3418",
                "reference": "4c64b586f94f9a8f01c691abdc865352e3dc3418",
                "shasum": ""
            },
            "require": {
                "elpho/lang": "0.1.*"
            },
            "type": "library",
            "autoload": {
                "psr-4": {
                    "elpho\\system\\": "src/system/"
                }
            },
            "notification-url": "https://packagist.org/downloads/",
            "license": [
                "ISC"
            ],
            "description": "The elpho framework core",
            "time": "2016-10-10 16:24:35"
        },
        {
            "name": "elpho/event",
            "version": "0.1.0-alpha1",
            "source": {
                "type": "git",
                "url": "https://github.com/elpho/event.git",
                "reference": "67f75af08408d82f3bd3d7f49906a07dd73f795a"
            },
            "dist": {
                "type": "zip",
                "url": "https://api.github.com/repos/elpho/event/zipball/67f75af08408d82f3bd3d7f49906a07dd73f795a",
                "reference": "67f75af08408d82f3bd3d7f49906a07dd73f795a",
                "shasum": ""
            },
            "type": "library",
            "autoload": {
                "psr-4": {
                    "elpho\\event\\": "src/"
                }
            },
            "notification-url": "https://packagist.org/downloads/",
            "license": [
                "ISC"
            ],
            "description": "Event system for the elpho framework",
            "time": "2016-10-10 13:09:03"
        },
        {
            "name": "elpho/lang",
            "version": "0.1.0-alpha2",
            "source": {
                "type": "git",
                "url": "https://github.com/elpho/lang.git",
                "reference": "05c83f05b267cc7f2777a0f92743fc05179c1867"
            },
            "dist": {
                "type": "zip",
                "url": "https://api.github.com/repos/elpho/lang/zipball/05c83f05b267cc7f2777a0f92743fc05179c1867",
                "reference": "05c83f05b267cc7f2777a0f92743fc05179c1867",
                "shasum": ""
            },
            "require": {
                "elpho/event": "0.1.*"
            },
            "type": "library",
            "autoload": {
                "psr-4": {
                    "elpho\\lang\\": "src/"
                }
            },
            "notification-url": "https://packagist.org/downloads/",
            "license": [
                "ISC"
            ],
            "description": "Language extensions for the elpho framework",
            "time": "2016-10-10 13:37:18"
        },
        {
            "name": "elpho/mvc",
            "version": "0.1.0-alpha2",
            "source": {
                "type": "git",
                "url": "https://github.com/elpho/mvc.git",
                "reference": "af1d12117df55d83f07edf09e9f48141ab1a03de"
            },
            "dist": {
                "type": "zip",
                "url": "https://api.github.com/repos/elpho/mvc/zipball/af1d12117df55d83f07edf09e9f48141ab1a03de",
                "reference": "af1d12117df55d83f07edf09e9f48141ab1a03de",
                "shasum": ""
            },
            "require": {
                "elpho/di": "0.1.*",
                "elpho/lang": "0.1.*"
            },
            "type": "library",
            "autoload": {
                "psr-4": {
                    "elpho\\mvc\\": "src/"
                }
            },
            "notification-url": "https://packagist.org/downloads/",
            "license": [
                "ISC"
            ],
            "description": "MVC module for the elpho framework",
            "time": "2016-10-10 13:38:02"
        }
    ],
    "packages-dev": [],
    "aliases": [],
    "minimum-stability": "dev",
    "stability-flags": [],
    "prefer-stable": false,
    "prefer-lowest": false,
    "platform": [],
    "platform-dev": []
}
